
Microsoft Visual Studio Solution File, Format Version 12.00
# Visual Studio Version 17
VisualStudioVersion = 17.4.33122.133
MinimumVisualStudioVersion = 10.0.40219.1
Project("{9A19103F-16F7-4668-BE54-9A1E7A4F7556}") = "Streamish", "Streamish\Streamish.csproj", "{482082E5-E058-4D6F-9487-1407F1F37E1A}"
EndProject
Project("{FAE04EC0-301F-11D3-BF4B-00C04F79EFBC}") = "Streamish.Tests", "Streamish.Tests\Streamish.Tests.csproj", "{7908D5BE-4EC1-4F5B-A867-DD932F633EA2}"
EndProject
Global
	GlobalSection(SolutionConfigurationPlatforms) = preSolution
		Debug|Any CPU = Debug|Any CPU
		Release|Any CPU = Release|Any CPU
	EndGlobalSection
	GlobalSection(ProjectConfigurationPlatforms) = postSolution
		{482082E5-E058-4D6F-9487-1407F1F37E1A}.Debug|Any CPU.ActiveCfg = Debug|Any CPU
		{482082E5-E058-4D6F-9487-1407F1F37E1A}.Debug|Any CPU.Build.0 = Debug|Any CPU
		{482082E5-E058-4D6F-9487-1407F1F37E1A}.Release|Any CPU.ActiveCfg = Release|Any CPU
		{482082E5-E058-4D6F-9487-1407F1F37E1A}.Release|Any CPU.Build.0 = Release|Any CPU
		{7908D5BE-4EC1-4F5B-A867-DD932F633EA2}.Debug|Any CPU.ActiveCfg = Debug|Any CPU
		{7908D5BE-4EC1-4F5B-A867-DD932F633EA2}.Debug|Any CPU.Build.0 = Debug|Any CPU
		{7908D5BE-4EC1-4F5B-A867-DD932F633EA2}.Release|Any CPU.ActiveCfg = Release|Any CPU
		{7908D5BE-4EC1-4F5B-A867-DD932F633EA2}.Release|Any CPU.Build.0 = Release|Any CPU
	EndGlobalSection
	GlobalSection(SolutionProperties) = preSolution
		HideSolutionNode = FALSE
	EndGlobalSection
	GlobalSection(ExtensibilityGlobals) = postSolution
		SolutionGuid = {332CFA5F-5E77-4954-8E07-18C377BF83A0}
	EndGlobalSection
EndGlobal
